
Microsoft Visual Studio Solution File, Format Version 12.00
# Visual Studio 14
VisualStudioVersion = 14.0.25420.1
MinimumVisualStudioVersion = 10.0.40219.1
Project("{FAE04EC0-301F-11D3-BF4B-00C04F79EFBC}") = "Lab10new", "Lab10new\Lab10new.csproj", "{4114E002-5C31-4B43-A896-72460CC2A5EB}"
EndProject
Project("{FAE04EC0-301F-11D3-BF4B-00C04F79EFBC}") = "UnitTestProject1", "UnitTestProject1\UnitTestProject1.csproj", "{22E92566-683F-4D23-96FA-DB6EBA1149D4}"
EndProject
Global
	GlobalSection(SolutionConfigurationPlatforms) = preSolution
		Debug|Any CPU = Debug|Any CPU
		Release|Any CPU = Release|Any CPU
	EndGlobalSection
	GlobalSection(ProjectConfigurationPlatforms) = postSolution
		{4114E002-5C31-4B43-A896-72460CC2A5EB}.Debug|Any CPU.ActiveCfg = Debug|Any CPU
		{4114E002-5C31-4B43-A896-72460CC2A5EB}.Debug|Any CPU.Build.0 = Debug|Any CPU
		{4114E002-5C31-4B43-A896-72460CC2A5EB}.Release|Any CPU.ActiveCfg = Release|Any CPU
		{4114E002-5C31-4B43-A896-72460CC2A5EB}.Release|Any CPU.Build.0 = Release|Any CPU
		{22E92566-683F-4D23-96FA-DB6EBA1149D4}.Debug|Any CPU.ActiveCfg = Debug|Any CPU
		{22E92566-683F-4D23-96FA-DB6EBA1149D4}.Debug|Any CPU.Build.0 = Debug|Any CPU
		{22E92566-683F-4D23-96FA-DB6EBA1149D4}.Release|Any CPU.ActiveCfg = Release|Any CPU
		{22E92566-683F-4D23-96FA-DB6EBA1149D4}.Release|Any CPU.Build.0 = Release|Any CPU
	EndGlobalSection
	GlobalSection(SolutionProperties) = preSolution
		HideSolutionNode = FALSE
	EndGlobalSection
EndGlobal
